
Microsoft Visual Studio Solution File, Format Version 12.00
# Visual Studio Version 17
VisualStudioVersion = 17.7.34221.43
MinimumVisualStudioVersion = 10.0.40219.1
Project("{8BC9CEB8-8B4A-11D0-8D11-00A0C91BC942}") = "BOJ_2776", "BOJ_2776\BOJ_2776.vcxproj", "{4565D3AE-093D-4DCD-BCB1-E7FD1E46C0CA}"
EndProject
Global
	GlobalSection(SolutionConfigurationPlatforms) = preSolution
		Debug|x64 = Debug|x64
		Release|x64 = Release|x64
	EndGlobalSection
	GlobalSection(ProjectConfigurationPlatforms) = postSolution
		{4565D3AE-093D-4DCD-BCB1-E7FD1E46C0CA}.Debug|x64.ActiveCfg = Debug|x64
		{4565D3AE-093D-4DCD-BCB1-E7FD1E46C0CA}.Debug|x64.Build.0 = Debug|x64
		{4565D3AE-093D-4DCD-BCB1-E7FD1E46C0CA}.Release|x64.ActiveCfg = Release|x64
		{4565D3AE-093D-4DCD-BCB1-E7FD1E46C0CA}.Release|x64.Build.0 = Release|x64
	EndGlobalSection
	GlobalSection(SolutionProperties) = preSolution
		HideSolutionNode = FALSE
	EndGlobalSection
	GlobalSection(ExtensibilityGlobals) = postSolution
		SolutionGuid = {25852876-B18E-4A8A-8E8F-68FB7E8EEA0C}
	EndGlobalSection
EndGlobal
